
Microsoft Visual Studio Solution File, Format Version 12.00
# Visual Studio Version 17
VisualStudioVersion = 17.9.34902.65
MinimumVisualStudioVersion = 10.0.40219.1
Project("{FAE04EC0-301F-11D3-BF4B-00C04F79EFBC}") = "EjerciciosRazor", "EjerciciosRazor\EjerciciosRazor.csproj", "{08125E4F-8D40-499F-BFA6-AEAF1AEA00A6}"
EndProject
Global
	GlobalSection(SolutionConfigurationPlatforms) = preSolution
		Debug|Any CPU = Debug|Any CPU
		Release|Any CPU = Release|Any CPU
	EndGlobalSection
	GlobalSection(ProjectConfigurationPlatforms) = postSolution
		{08125E4F-8D40-499F-BFA6-AEAF1AEA00A6}.Debug|Any CPU.ActiveCfg = Debug|Any CPU
		{08125E4F-8D40-499F-BFA6-AEAF1AEA00A6}.Debug|Any CPU.Build.0 = Debug|Any CPU
		{08125E4F-8D40-499F-BFA6-AEAF1AEA00A6}.Release|Any CPU.ActiveCfg = Release|Any CPU
		{08125E4F-8D40-499F-BFA6-AEAF1AEA00A6}.Release|Any CPU.Build.0 = Release|Any CPU
	EndGlobalSection
	GlobalSection(SolutionProperties) = preSolution
		HideSolutionNode = FALSE
	EndGlobalSection
	GlobalSection(ExtensibilityGlobals) = postSolution
		SolutionGuid = {7293F335-74E6-464B-95CD-054CDB757851}
	EndGlobalSection
EndGlobal
